
Microsoft Visual Studio Solution File, Format Version 12.00
# Visual Studio Version 17
VisualStudioVersion = 17.1.32414.318
MinimumVisualStudioVersion = 10.0.40219.1
Project("{9A19103F-16F7-4668-BE54-9A1E7A4F7556}") = "GoFoodBeverage.WebApi", "GoFoodBeverage.WebApi\GoFoodBeverage.WebApi.csproj", "{5C0EE4D3-91AD-41BC-BB36-1CA798FD2D75}"
EndProject
Project("{2150E333-8FDC-42A3-9474-1A3956D46DE8}") = "WebApi", "WebApi", "{0231C165-A541-4D67-9B32-05DE49886E13}"
EndProject
Project("{2150E333-8FDC-42A3-9474-1A3956D46DE8}") = "FnB.Admin", "FnB.Admin", "{9D8482C6-8B3C-48D4-919E-420F816AFF99}"
EndProject
Project("{9A19103F-16F7-4668-BE54-9A1E7A4F7556}") = "GoFoodBeverage.Application", "GoFoodBeverage.Application\GoFoodBeverage.Application.csproj", "{E76925F5-6E2C-4BDA-AC55-889177E625DB}"
EndProject
Project("{9A19103F-16F7-4668-BE54-9A1E7A4F7556}") = "GoFoodBeverage.Models", "GoFoodBeverage.Models\GoFoodBeverage.Models.csproj", "{89B618A2-CE68-46FB-B325-076430448230}"
EndProject
Project("{9A19103F-16F7-4668-BE54-9A1E7A4F7556}") = "GoFoodBeverage.Services", "GoFoodBeverage.Services\GoFoodBeverage.Services.csproj", "{5B0D6146-EF5C-4880-9C4F-700817659530}"
EndProject
Project("{9A19103F-16F7-4668-BE54-9A1E7A4F7556}") = "GoFoodBeverage.Infrastructure", "GoFoodBeverage.Infrastructure\GoFoodBeverage.Infrastructure.csproj", "{C35C5ADF-A081-4F1C-8E61-AC185E593A1E}"
EndProject
Project("{2150E333-8FDC-42A3-9474-1A3956D46DE8}") = "FnB.POS", "FnB.POS", "{F7AC7374-D800-4B06-A64C-2B0485933A1E}"
EndProject
Project("{2150E333-8FDC-42A3-9474-1A3956D46DE8}") = "Core", "Core", "{FFCFA5E0-9E3B-4554-B8CE-7C4C3CC73F07}"
EndProject
Project("{9A19103F-16F7-4668-BE54-9A1E7A4F7556}") = "GoFoodBeverage.Domain", "GoFoodBeverage.Domain\GoFoodBeverage.Domain.csproj", "{ECAA422D-D195-4339-AF89-6DA92BBE5671}"
EndProject
Project("{9A19103F-16F7-4668-BE54-9A1E7A4F7556}") = "GoFoodBeverage.POS.Application", "GoFoodBeverage.POS.Application\GoFoodBeverage.POS.Application.csproj", "{9547FE1F-9D1B-455E-A4FB-81F118E659BD}"
EndProject
Project("{9A19103F-16F7-4668-BE54-9A1E7A4F7556}") = "GoFoodBeverage.POS.Models", "GoFoodBeverage.POS.Models\GoFoodBeverage.POS.Models.csproj", "{3B4FEB4D-1266-4B37-84FF-5A667C5221C6}"
EndProject
Project("{9A19103F-16F7-4668-BE54-9A1E7A4F7556}") = "GoFoodBeverage.POS.WebApi", "GoFoodBeverage.POS.WebApi\GoFoodBeverage.POS.WebApi.csproj", "{BA62C757-A479-4B9A-9FA2-A4E4D7868678}"
EndProject
Project("{9A19103F-16F7-4668-BE54-9A1E7A4F7556}") = "GoFoodBeverage.Interfaces", "GoFoodBeverage.Interfaces\GoFoodBeverage.Interfaces.csproj", "{EA0F0C94-12DA-468D-94E9-8D5D50471D0A}"
EndProject
Project("{9A19103F-16F7-4668-BE54-9A1E7A4F7556}") = "GoFoodBeverage.Common", "GoFoodBeverage.Common\GoFoodBeverage.Common.csproj", "{D8A64B0C-FB77-418B-99EF-910BA96CC73E}"
EndProject
Project("{9A19103F-16F7-4668-BE54-9A1E7A4F7556}") = "GoFoodBeverage.Payment", "GoFoodBeverage.Payment\GoFoodBeverage.Payment.csproj", "{5ABC61AE-3B31-43C9-A5B6-DE514EBF69EB}"
EndProject
Project("{2150E333-8FDC-42A3-9474-1A3956D46DE8}") = "ThirdParty", "ThirdParty", "{4C8DD271-A2A4-450F-8F75-EAC15DB1CE36}"
EndProject
Project("{9A19103F-16F7-4668-BE54-9A1E7A4F7556}") = "GoFoodBeverage.Storage", "GoFoodBeverage.Storage\GoFoodBeverage.Storage.csproj", "{A290E52F-4E09-45EA-AF76-DB699C9F173B}"
EndProject
Project("{9A19103F-16F7-4668-BE54-9A1E7A4F7556}") = "GoFoodBeverage.Email", "GoFoodBeverage.Email\GoFoodBeverage.Email.csproj", "{FD77DC3A-B16B-45D2-AB87-3CBD07C03AF2}"
EndProject
Project("{9A19103F-16F7-4668-BE54-9A1E7A4F7556}") = "AzureFunctionTrigger", "AzureFunctionTrigger\AzureFunctionTrigger.csproj", "{683C2744-20C6-44FF-B5F1-06B11045FE65}"
EndProject
Project("{2150E333-8FDC-42A3-9474-1A3956D46DE8}") = "CommonLibrary", "CommonLibrary", "{FB96E144-CD93-4713-9DAD-0237F63AA99E}"
EndProject
Project("{9A19103F-16F7-4668-BE54-9A1E7A4F7556}") = "GoFoodBeverage.MemoryCaching", "GoFoodBeverage.MemoryCaching\GoFoodBeverage.MemoryCaching.csproj", "{6C87F8F6-5B86-412D-AA1F-65901C541F2D}"
EndProject
Project("{9A19103F-16F7-4668-BE54-9A1E7A4F7556}") = "GoFoodBeverage.Loging", "GoFoodBeverage.Loging\GoFoodBeverage.Loging.csproj", "{A4F481B6-F171-4CB0-BCBC-21FD8FE29359}"
EndProject
Project("{9A19103F-16F7-4668-BE54-9A1E7A4F7556}") = "GoFoodBeverage.Delivery", "GoFoodBeverage.Delivery\GoFoodBeverage.Delivery.csproj", "{5ADF1F79-1871-4BD8-87B8-1CBFEE140D72}"
EndProject
Project("{9A19103F-16F7-4668-BE54-9A1E7A4F7556}") = "GoogleServices", "GoogleServices\GoogleServices.csproj", "{6DD56DDD-9C7A-4B19-8E04-BBFE907B2006}"
EndProject
Global
	GlobalSection(SolutionConfigurationPlatforms) = preSolution
		Debug|Any CPU = Debug|Any CPU
		Development|Any CPU = Development|Any CPU
		DevRelease|Any CPU = DevRelease|Any CPU
		Production|Any CPU = Production|Any CPU
		Release|Any CPU = Release|Any CPU
		Staging|Any CPU = Staging|Any CPU
	EndGlobalSection
	GlobalSection(ProjectConfigurationPlatforms) = postSolution
		{5C0EE4D3-91AD-41BC-BB36-1CA798FD2D75}.Debug|Any CPU.ActiveCfg = Debug|Any CPU
		{5C0EE4D3-91AD-41BC-BB36-1CA798FD2D75}.Debug|Any CPU.Build.0 = Debug|Any CPU
		{5C0EE4D3-91AD-41BC-BB36-1CA798FD2D75}.Development|Any CPU.ActiveCfg = Development|Any CPU
		{5C0EE4D3-91AD-41BC-BB36-1CA798FD2D75}.Development|Any CPU.Build.0 = Development|Any CPU
		{5C0EE4D3-91AD-41BC-BB36-1CA798FD2D75}.DevRelease|Any CPU.ActiveCfg = DevRelease|Any CPU
		{5C0EE4D3-91AD-41BC-BB36-1CA798FD2D75}.DevRelease|Any CPU.Build.0 = DevRelease|Any CPU
		{5C0EE4D3-91AD-41BC-BB36-1CA798FD2D75}.Production|Any CPU.ActiveCfg = Production|Any CPU
		{5C0EE4D3-91AD-41BC-BB36-1CA798FD2D75}.Production|Any CPU.Build.0 = Production|Any CPU
		{5C0EE4D3-91AD-41BC-BB36-1CA798FD2D75}.Release|Any CPU.ActiveCfg = Release|Any CPU
		{5C0EE4D3-91AD-41BC-BB36-1CA798FD2D75}.Release|Any CPU.Build.0 = Release|Any CPU
		{5C0EE4D3-91AD-41BC-BB36-1CA798FD2D75}.Staging|Any CPU.ActiveCfg = Staging|Any CPU
		{5C0EE4D3-91AD-41BC-BB36-1CA798FD2D75}.Staging|Any CPU.Build.0 = Staging|Any CPU
		{E76925F5-6E2C-4BDA-AC55-889177E625DB}.Debug|Any CPU.ActiveCfg = Debug|Any CPU
		{E76925F5-6E2C-4BDA-AC55-889177E625DB}.Debug|Any CPU.Build.0 = Debug|Any CPU
		{E76925F5-6E2C-4BDA-AC55-889177E625DB}.Development|Any CPU.ActiveCfg = Development|Any CPU
		{E76925F5-6E2C-4BDA-AC55-889177E625DB}.Development|Any CPU.Build.0 = Development|Any CPU
		{E76925F5-6E2C-4BDA-AC55-889177E625DB}.DevRelease|Any CPU.ActiveCfg = DevRelease|Any CPU
		{E76925F5-6E2C-4BDA-AC55-889177E625DB}.DevRelease|Any CPU.Build.0 = DevRelease|Any CPU
		{E76925F5-6E2C-4BDA-AC55-889177E625DB}.Production|Any CPU.ActiveCfg = Production|Any CPU
		{E76925F5-6E2C-4BDA-AC55-889177E625DB}.Production|Any CPU.Build.0 = Production|Any CPU
		{E76925F5-6E2C-4BDA-AC55-889177E625DB}.Release|Any CPU.ActiveCfg = Release|Any CPU
		{E76925F5-6E2C-4BDA-AC55-889177E625DB}.Release|Any CPU.Build.0 = Release|Any CPU
		{E76925F5-6E2C-4BDA-AC55-889177E625DB}.Staging|Any CPU.ActiveCfg = Staging|Any CPU
		{E76925F5-6E2C-4BDA-AC55-889177E625DB}.Staging|Any CPU.Build.0 = Staging|Any CPU
		{89B618A2-CE68-46FB-B325-076430448230}.Debug|Any CPU.ActiveCfg = Debug|Any CPU
		{89B618A2-CE68-46FB-B325-076430448230}.Debug|Any CPU.Build.0 = Debug|Any CPU
		{89B618A2-CE68-46FB-B325-076430448230}.Development|Any CPU.ActiveCfg = Development|Any CPU
		{89B618A2-CE68-46FB-B325-076430448230}.Development|Any CPU.Build.0 = Development|Any CPU
		{89B618A2-CE68-46FB-B325-076430448230}.DevRelease|Any CPU.ActiveCfg = DevRelease|Any CPU
		{89B618A2-CE68-46FB-B325-076430448230}.DevRelease|Any CPU.Build.0 = DevRelease|Any CPU
		{89B618A2-CE68-46FB-B325-076430448230}.Production|Any CPU.ActiveCfg = Production|Any CPU
		{89B618A2-CE68-46FB-B325-076430448230}.Production|Any CPU.Build.0 = Production|Any CPU
		{89B618A2-CE68-46FB-B325-076430448230}.Release|Any CPU.ActiveCfg = Release|Any CPU
		{89B618A2-CE68-46FB-B325-076430448230}.Release|Any CPU.Build.0 = Release|Any CPU
		{89B618A2-CE68-46FB-B325-076430448230}.Staging|Any CPU.ActiveCfg = Staging|Any CPU
		{89B618A2-CE68-46FB-B325-076430448230}.Staging|Any CPU.Build.0 = Staging|Any CPU
		{5B0D6146-EF5C-4880-9C4F-700817659530}.Debug|Any CPU.ActiveCfg = Debug|Any CPU
		{5B0D6146-EF5C-4880-9C4F-700817659530}.Debug|Any CPU.Build.0 = Debug|Any CPU
		{5B0D6146-EF5C-4880-9C4F-700817659530}.Development|Any CPU.ActiveCfg = Development|Any CPU
		{5B0D6146-EF5C-4880-9C4F-700817659530}.Development|Any CPU.Build.0 = Development|Any CPU
		{5B0D6146-EF5C-4880-9C4F-700817659530}.DevRelease|Any CPU.ActiveCfg = DevRelease|Any CPU
		{5B0D6146-EF5C-4880-9C4F-700817659530}.DevRelease|Any CPU.Build.0 = DevRelease|Any CPU
		{5B0D6146-EF5C-4880-9C4F-700817659530}.Production|Any CPU.ActiveCfg = Production|Any CPU
		{5B0D6146-EF5C-4880-9C4F-700817659530}.Production|Any CPU.Build.0 = Production|Any CPU
		{5B0D6146-EF5C-4880-9C4F-700817659530}.Release|Any CPU.ActiveCfg = Release|Any CPU
		{5B0D6146-EF5C-4880-9C4F-700817659530}.Release|Any CPU.Build.0 = Release|Any CPU
		{5B0D6146-EF5C-4880-9C4F-700817659530}.Staging|Any CPU.ActiveCfg = Staging|Any CPU
		{5B0D6146-EF5C-4880-9C4F-700817659530}.Staging|Any CPU.Build.0 = Staging|Any CPU
		{C35C5ADF-A081-4F1C-8E61-AC185E593A1E}.Debug|Any CPU.ActiveCfg = Debug|Any CPU
		{C35C5ADF-A081-4F1C-8E61-AC185E593A1E}.Debug|Any CPU.Build.0 = Debug|Any CPU
		{C35C5ADF-A081-4F1C-8E61-AC185E593A1E}.Development|Any CPU.ActiveCfg = Development|Any CPU
		{C35C5ADF-A081-4F1C-8E61-AC185E593A1E}.Development|Any CPU.Build.0 = Development|Any CPU
		{C35C5ADF-A081-4F1C-8E61-AC185E593A1E}.DevRelease|Any CPU.ActiveCfg = DevRelease|Any CPU
		{C35C5ADF-A081-4F1C-8E61-AC185E593A1E}.DevRelease|Any CPU.Build.0 = DevRelease|Any CPU
		{C35C5ADF-A081-4F1C-8E61-AC185E593A1E}.Production|Any CPU.ActiveCfg = Production|Any CPU
		{C35C5ADF-A081-4F1C-8E61-AC185E593A1E}.Production|Any CPU.Build.0 = Production|Any CPU
		{C35C5ADF-A081-4F1C-8E61-AC185E593A1E}.Release|Any CPU.ActiveCfg = Release|Any CPU
		{C35C5ADF-A081-4F1C-8E61-AC185E593A1E}.Release|Any CPU.Build.0 = Release|Any CPU
		{C35C5ADF-A081-4F1C-8E61-AC185E593A1E}.Staging|Any CPU.ActiveCfg = Staging|Any CPU
		{C35C5ADF-A081-4F1C-8E61-AC185E593A1E}.Staging|Any CPU.Build.0 = Staging|Any CPU
		{ECAA422D-D195-4339-AF89-6DA92BBE5671}.Debug|Any CPU.ActiveCfg = Debug|Any CPU
		{ECAA422D-D195-4339-AF89-6DA92BBE5671}.Debug|Any CPU.Build.0 = Debug|Any CPU
		{ECAA422D-D195-4339-AF89-6DA92BBE5671}.Development|Any CPU.ActiveCfg = Development|Any CPU
		{ECAA422D-D195-4339-AF89-6DA92BBE5671}.Development|Any CPU.Build.0 = Development|Any CPU
		{ECAA422D-D195-4339-AF89-6DA92BBE5671}.DevRelease|Any CPU.ActiveCfg = DevRelease|Any CPU
		{ECAA422D-D195-4339-AF89-6DA92BBE5671}.DevRelease|Any CPU.Build.0 = DevRelease|Any CPU
		{ECAA422D-D195-4339-AF89-6DA92BBE5671}.Production|Any CPU.ActiveCfg = Production|Any CPU
		{ECAA422D-D195-4339-AF89-6DA92BBE5671}.Production|Any CPU.Build.0 = Production|Any CPU
		{ECAA422D-D195-4339-AF89-6DA92BBE5671}.Release|Any CPU.ActiveCfg = Release|Any CPU
		{ECAA422D-D195-4339-AF89-6DA92BBE5671}.Release|Any CPU.Build.0 = Release|Any CPU
		{ECAA422D-D195-4339-AF89-6DA92BBE5671}.Staging|Any CPU.ActiveCfg = Staging|Any CPU
		{ECAA422D-D195-4339-AF89-6DA92BBE5671}.Staging|Any CPU.Build.0 = Staging|Any CPU
		{9547FE1F-9D1B-455E-A4FB-81F118E659BD}.Debug|Any CPU.ActiveCfg = Debug|Any CPU
		{9547FE1F-9D1B-455E-A4FB-81F118E659BD}.Debug|Any CPU.Build.0 = Debug|Any CPU
		{9547FE1F-9D1B-455E-A4FB-81F118E659BD}.Development|Any CPU.ActiveCfg = Development|Any CPU
		{9547FE1F-9D1B-455E-A4FB-81F118E659BD}.Development|Any CPU.Build.0 = Development|Any CPU
		{9547FE1F-9D1B-455E-A4FB-81F118E659BD}.DevRelease|Any CPU.ActiveCfg = DevRelease|Any CPU
		{9547FE1F-9D1B-455E-A4FB-81F118E659BD}.DevRelease|Any CPU.Build.0 = DevRelease|Any CPU
		{9547FE1F-9D1B-455E-A4FB-81F118E659BD}.Production|Any CPU.ActiveCfg = Production|Any CPU
		{9547FE1F-9D1B-455E-A4FB-81F118E659BD}.Production|Any CPU.Build.0 = Production|Any CPU
		{9547FE1F-9D1B-455E-A4FB-81F118E659BD}.Release|Any CPU.ActiveCfg = Release|Any CPU
		{9547FE1F-9D1B-455E-A4FB-81F118E659BD}.Release|Any CPU.Build.0 = Release|Any CPU
		{9547FE1F-9D1B-455E-A4FB-81F118E659BD}.Staging|Any CPU.ActiveCfg = Staging|Any CPU
		{9547FE1F-9D1B-455E-A4FB-81F118E659BD}.Staging|Any CPU.Build.0 = Staging|Any CPU
		{3B4FEB4D-1266-4B37-84FF-5A667C5221C6}.Debug|Any CPU.ActiveCfg = Debug|Any CPU
		{3B4FEB4D-1266-4B37-84FF-5A667C5221C6}.Debug|Any CPU.Build.0 = Debug|Any CPU
		{3B4FEB4D-1266-4B37-84FF-5A667C5221C6}.Development|Any CPU.ActiveCfg = Development|Any CPU
		{3B4FEB4D-1266-4B37-84FF-5A667C5221C6}.Development|Any CPU.Build.0 = Development|Any CPU
		{3B4FEB4D-1266-4B37-84FF-5A667C5221C6}.DevRelease|Any CPU.ActiveCfg = DevRelease|Any CPU
		{3B4FEB4D-1266-4B37-84FF-5A667C5221C6}.DevRelease|Any CPU.Build.0 = DevRelease|Any CPU
		{3B4FEB4D-1266-4B37-84FF-5A667C5221C6}.Production|Any CPU.ActiveCfg = Production|Any CPU
		{3B4FEB4D-1266-4B37-84FF-5A667C5221C6}.Production|Any CPU.Build.0 = Production|Any CPU
		{3B4FEB4D-1266-4B37-84FF-5A667C5221C6}.Release|Any CPU.ActiveCfg = Release|Any CPU
		{3B4FEB4D-1266-4B37-84FF-5A667C5221C6}.Release|Any CPU.Build.0 = Release|Any CPU
		{3B4FEB4D-1266-4B37-84FF-5A667C5221C6}.Staging|Any CPU.ActiveCfg = Staging|Any CPU
		{3B4FEB4D-1266-4B37-84FF-5A667C5221C6}.Staging|Any CPU.Build.0 = Staging|Any CPU
		{BA62C757-A479-4B9A-9FA2-A4E4D7868678}.Debug|Any CPU.ActiveCfg = Debug|Any CPU
		{BA62C757-A479-4B9A-9FA2-A4E4D7868678}.Debug|Any CPU.Build.0 = Debug|Any CPU
		{BA62C757-A479-4B9A-9FA2-A4E4D7868678}.Development|Any CPU.ActiveCfg = Development|Any CPU
		{BA62C757-A479-4B9A-9FA2-A4E4D7868678}.Development|Any CPU.Build.0 = Development|Any CPU
		{BA62C757-A479-4B9A-9FA2-A4E4D7868678}.DevRelease|Any CPU.ActiveCfg = DevRelease|Any CPU
		{BA62C757-A479-4B9A-9FA2-A4E4D7868678}.DevRelease|Any CPU.Build.0 = DevRelease|Any CPU
		{BA62C757-A479-4B9A-9FA2-A4E4D7868678}.Production|Any CPU.ActiveCfg = Production|Any CPU
		{BA62C757-A479-4B9A-9FA2-A4E4D7868678}.Production|Any CPU.Build.0 = Production|Any CPU
		{BA62C757-A479-4B9A-9FA2-A4E4D7868678}.Release|Any CPU.ActiveCfg = Release|Any CPU
		{BA62C757-A479-4B9A-9FA2-A4E4D7868678}.Release|Any CPU.Build.0 = Release|Any CPU
		{BA62C757-A479-4B9A-9FA2-A4E4D7868678}.Staging|Any CPU.ActiveCfg = Staging|Any CPU
		{BA62C757-A479-4B9A-9FA2-A4E4D7868678}.Staging|Any CPU.Build.0 = Staging|Any CPU
		{EA0F0C94-12DA-468D-94E9-8D5D50471D0A}.Debug|Any CPU.ActiveCfg = Debug|Any CPU
		{EA0F0C94-12DA-468D-94E9-8D5D50471D0A}.Debug|Any CPU.Build.0 = Debug|Any CPU
		{EA0F0C94-12DA-468D-94E9-8D5D50471D0A}.Development|Any CPU.ActiveCfg = Debug|Any CPU
		{EA0F0C94-12DA-468D-94E9-8D5D50471D0A}.Development|Any CPU.Build.0 = Debug|Any CPU
		{EA0F0C94-12DA-468D-94E9-8D5D50471D0A}.DevRelease|Any CPU.ActiveCfg = DevRelease|Any CPU
		{EA0F0C94-12DA-468D-94E9-8D5D50471D0A}.DevRelease|Any CPU.Build.0 = DevRelease|Any CPU
		{EA0F0C94-12DA-468D-94E9-8D5D50471D0A}.Production|Any CPU.ActiveCfg = Production|Any CPU
		{EA0F0C94-12DA-468D-94E9-8D5D50471D0A}.Production|Any CPU.Build.0 = Production|Any CPU
		{EA0F0C94-12DA-468D-94E9-8D5D50471D0A}.Release|Any CPU.ActiveCfg = Release|Any CPU
		{EA0F0C94-12DA-468D-94E9-8D5D50471D0A}.Release|Any CPU.Build.0 = Release|Any CPU
		{EA0F0C94-12DA-468D-94E9-8D5D50471D0A}.Staging|Any CPU.ActiveCfg = Debug|Any CPU
		{EA0F0C94-12DA-468D-94E9-8D5D50471D0A}.Staging|Any CPU.Build.0 = Debug|Any CPU
		{D8A64B0C-FB77-418B-99EF-910BA96CC73E}.Debug|Any CPU.ActiveCfg = Debug|Any CPU
		{D8A64B0C-FB77-418B-99EF-910BA96CC73E}.Debug|Any CPU.Build.0 = Debug|Any CPU
		{D8A64B0C-FB77-418B-99EF-910BA96CC73E}.Development|Any CPU.ActiveCfg = Debug|Any CPU
		{D8A64B0C-FB77-418B-99EF-910BA96CC73E}.Development|Any CPU.Build.0 = Debug|Any CPU
		{D8A64B0C-FB77-418B-99EF-910BA96CC73E}.DevRelease|Any CPU.ActiveCfg = DevRelease|Any CPU
		{D8A64B0C-FB77-418B-99EF-910BA96CC73E}.DevRelease|Any CPU.Build.0 = DevRelease|Any CPU
		{D8A64B0C-FB77-418B-99EF-910BA96CC73E}.Production|Any CPU.ActiveCfg = Production|Any CPU
		{D8A64B0C-FB77-418B-99EF-910BA96CC73E}.Production|Any CPU.Build.0 = Production|Any CPU
		{D8A64B0C-FB77-418B-99EF-910BA96CC73E}.Release|Any CPU.ActiveCfg = Release|Any CPU
		{D8A64B0C-FB77-418B-99EF-910BA96CC73E}.Release|Any CPU.Build.0 = Release|Any CPU
		{D8A64B0C-FB77-418B-99EF-910BA96CC73E}.Staging|Any CPU.ActiveCfg = Debug|Any CPU
		{D8A64B0C-FB77-418B-99EF-910BA96CC73E}.Staging|Any CPU.Build.0 = Debug|Any CPU
		{5ABC61AE-3B31-43C9-A5B6-DE514EBF69EB}.Debug|Any CPU.ActiveCfg = Debug|Any CPU
		{5ABC61AE-3B31-43C9-A5B6-DE514EBF69EB}.Debug|Any CPU.Build.0 = Debug|Any CPU
		{5ABC61AE-3B31-43C9-A5B6-DE514EBF69EB}.Development|Any CPU.ActiveCfg = Debug|Any CPU
		{5ABC61AE-3B31-43C9-A5B6-DE514EBF69EB}.Development|Any CPU.Build.0 = Debug|Any CPU
		{5ABC61AE-3B31-43C9-A5B6-DE514EBF69EB}.DevRelease|Any CPU.ActiveCfg = DevRelease|Any CPU
		{5ABC61AE-3B31-43C9-A5B6-DE514EBF69EB}.DevRelease|Any CPU.Build.0 = DevRelease|Any CPU
		{5ABC61AE-3B31-43C9-A5B6-DE514EBF69EB}.Production|Any CPU.ActiveCfg = Production|Any CPU
		{5ABC61AE-3B31-43C9-A5B6-DE514EBF69EB}.Production|Any CPU.Build.0 = Production|Any CPU
		{5ABC61AE-3B31-43C9-A5B6-DE514EBF69EB}.Release|Any CPU.ActiveCfg = Release|Any CPU
		{5ABC61AE-3B31-43C9-A5B6-DE514EBF69EB}.Release|Any CPU.Build.0 = Release|Any CPU
		{5ABC61AE-3B31-43C9-A5B6-DE514EBF69EB}.Staging|Any CPU.ActiveCfg = Debug|Any CPU
		{5ABC61AE-3B31-43C9-A5B6-DE514EBF69EB}.Staging|Any CPU.Build.0 = Debug|Any CPU
		{A290E52F-4E09-45EA-AF76-DB699C9F173B}.Debug|Any CPU.ActiveCfg = Debug|Any CPU
		{A290E52F-4E09-45EA-AF76-DB699C9F173B}.Debug|Any CPU.Build.0 = Debug|Any CPU
		{A290E52F-4E09-45EA-AF76-DB699C9F173B}.Development|Any CPU.ActiveCfg = Debug|Any CPU
		{A290E52F-4E09-45EA-AF76-DB699C9F173B}.Development|Any CPU.Build.0 = Debug|Any CPU
		{A290E52F-4E09-45EA-AF76-DB699C9F173B}.DevRelease|Any CPU.ActiveCfg = Release|Any CPU
		{A290E52F-4E09-45EA-AF76-DB699C9F173B}.DevRelease|Any CPU.Build.0 = Release|Any CPU
		{A290E52F-4E09-45EA-AF76-DB699C9F173B}.Production|Any CPU.ActiveCfg = Production|Any CPU
		{A290E52F-4E09-45EA-AF76-DB699C9F173B}.Production|Any CPU.Build.0 = Production|Any CPU
		{A290E52F-4E09-45EA-AF76-DB699C9F173B}.Release|Any CPU.ActiveCfg = Release|Any CPU
		{A290E52F-4E09-45EA-AF76-DB699C9F173B}.Release|Any CPU.Build.0 = Release|Any CPU
		{A290E52F-4E09-45EA-AF76-DB699C9F173B}.Staging|Any CPU.ActiveCfg = Debug|Any CPU
		{A290E52F-4E09-45EA-AF76-DB699C9F173B}.Staging|Any CPU.Build.0 = Debug|Any CPU
		{FD77DC3A-B16B-45D2-AB87-3CBD07C03AF2}.Debug|Any CPU.ActiveCfg = Debug|Any CPU
		{FD77DC3A-B16B-45D2-AB87-3CBD07C03AF2}.Debug|Any CPU.Build.0 = Debug|Any CPU
		{FD77DC3A-B16B-45D2-AB87-3CBD07C03AF2}.Development|Any CPU.ActiveCfg = Debug|Any CPU
		{FD77DC3A-B16B-45D2-AB87-3CBD07C03AF2}.Development|Any CPU.Build.0 = Debug|Any CPU
		{FD77DC3A-B16B-45D2-AB87-3CBD07C03AF2}.DevRelease|Any CPU.ActiveCfg = Release|Any CPU
		{FD77DC3A-B16B-45D2-AB87-3CBD07C03AF2}.DevRelease|Any CPU.Build.0 = Release|Any CPU
		{FD77DC3A-B16B-45D2-AB87-3CBD07C03AF2}.Production|Any CPU.ActiveCfg = Debug|Any CPU
		{FD77DC3A-B16B-45D2-AB87-3CBD07C03AF2}.Production|Any CPU.Build.0 = Debug|Any CPU
		{FD77DC3A-B16B-45D2-AB87-3CBD07C03AF2}.Release|Any CPU.ActiveCfg = Release|Any CPU
		{FD77DC3A-B16B-45D2-AB87-3CBD07C03AF2}.Release|Any CPU.Build.0 = Release|Any CPU
		{FD77DC3A-B16B-45D2-AB87-3CBD07C03AF2}.Staging|Any CPU.ActiveCfg = Debug|Any CPU
		{FD77DC3A-B16B-45D2-AB87-3CBD07C03AF2}.Staging|Any CPU.Build.0 = Debug|Any CPU
		{683C2744-20C6-44FF-B5F1-06B11045FE65}.Debug|Any CPU.ActiveCfg = Debug|Any CPU
		{683C2744-20C6-44FF-B5F1-06B11045FE65}.Debug|Any CPU.Build.0 = Debug|Any CPU
		{683C2744-20C6-44FF-B5F1-06B11045FE65}.Development|Any CPU.ActiveCfg = Debug|Any CPU
		{683C2744-20C6-44FF-B5F1-06B11045FE65}.Development|Any CPU.Build.0 = Debug|Any CPU
		{683C2744-20C6-44FF-B5F1-06B11045FE65}.DevRelease|Any CPU.ActiveCfg = Release|Any CPU
		{683C2744-20C6-44FF-B5F1-06B11045FE65}.DevRelease|Any CPU.Build.0 = Release|Any CPU
		{683C2744-20C6-44FF-B5F1-06B11045FE65}.Production|Any CPU.ActiveCfg = Debug|Any CPU
		{683C2744-20C6-44FF-B5F1-06B11045FE65}.Production|Any CPU.Build.0 = Debug|Any CPU
		{683C2744-20C6-44FF-B5F1-06B11045FE65}.Release|Any CPU.ActiveCfg = Release|Any CPU
		{683C2744-20C6-44FF-B5F1-06B11045FE65}.Release|Any CPU.Build.0 = Release|Any CPU
		{683C2744-20C6-44FF-B5F1-06B11045FE65}.Staging|Any CPU.ActiveCfg = Debug|Any CPU
		{683C2744-20C6-44FF-B5F1-06B11045FE65}.Staging|Any CPU.Build.0 = Debug|Any CPU
		{6C87F8F6-5B86-412D-AA1F-65901C541F2D}.Debug|Any CPU.ActiveCfg = Debug|Any CPU
		{6C87F8F6-5B86-412D-AA1F-65901C541F2D}.Debug|Any CPU.Build.0 = Debug|Any CPU
		{6C87F8F6-5B86-412D-AA1F-65901C541F2D}.Development|Any CPU.ActiveCfg = Debug|Any CPU
		{6C87F8F6-5B86-412D-AA1F-65901C541F2D}.Development|Any CPU.Build.0 = Debug|Any CPU
		{6C87F8F6-5B86-412D-AA1F-65901C541F2D}.DevRelease|Any CPU.ActiveCfg = Release|Any CPU
		{6C87F8F6-5B86-412D-AA1F-65901C541F2D}.DevRelease|Any CPU.Build.0 = Release|Any CPU
		{6C87F8F6-5B86-412D-AA1F-65901C541F2D}.Production|Any CPU.ActiveCfg = Production|Any CPU
		{6C87F8F6-5B86-412D-AA1F-65901C541F2D}.Production|Any CPU.Build.0 = Production|Any CPU
		{6C87F8F6-5B86-412D-AA1F-65901C541F2D}.Release|Any CPU.ActiveCfg = Release|Any CPU
		{6C87F8F6-5B86-412D-AA1F-65901C541F2D}.Release|Any CPU.Build.0 = Release|Any CPU
		{6C87F8F6-5B86-412D-AA1F-65901C541F2D}.Staging|Any CPU.ActiveCfg = Debug|Any CPU
		{6C87F8F6-5B86-412D-AA1F-65901C541F2D}.Staging|Any CPU.Build.0 = Debug|Any CPU
		{A4F481B6-F171-4CB0-BCBC-21FD8FE29359}.Debug|Any CPU.ActiveCfg = Debug|Any CPU
		{A4F481B6-F171-4CB0-BCBC-21FD8FE29359}.Debug|Any CPU.Build.0 = Debug|Any CPU
		{A4F481B6-F171-4CB0-BCBC-21FD8FE29359}.Development|Any CPU.ActiveCfg = Debug|Any CPU
		{A4F481B6-F171-4CB0-BCBC-21FD8FE29359}.Development|Any CPU.Build.0 = Debug|Any CPU
		{A4F481B6-F171-4CB0-BCBC-21FD8FE29359}.DevRelease|Any CPU.ActiveCfg = Release|Any CPU
		{A4F481B6-F171-4CB0-BCBC-21FD8FE29359}.DevRelease|Any CPU.Build.0 = Release|Any CPU
		{A4F481B6-F171-4CB0-BCBC-21FD8FE29359}.Production|Any CPU.ActiveCfg = Production|Any CPU
		{A4F481B6-F171-4CB0-BCBC-21FD8FE29359}.Production|Any CPU.Build.0 = Production|Any CPU
		{A4F481B6-F171-4CB0-BCBC-21FD8FE29359}.Release|Any CPU.ActiveCfg = Release|Any CPU
		{A4F481B6-F171-4CB0-BCBC-21FD8FE29359}.Release|Any CPU.Build.0 = Release|Any CPU
		{A4F481B6-F171-4CB0-BCBC-21FD8FE29359}.Staging|Any CPU.ActiveCfg = Debug|Any CPU
		{A4F481B6-F171-4CB0-BCBC-21FD8FE29359}.Staging|Any CPU.Build.0 = Debug|Any CPU
		{5ADF1F79-1871-4BD8-87B8-1CBFEE140D72}.Debug|Any CPU.ActiveCfg = Debug|Any CPU
		{5ADF1F79-1871-4BD8-87B8-1CBFEE140D72}.Debug|Any CPU.Build.0 = Debug|Any CPU
		{5ADF1F79-1871-4BD8-87B8-1CBFEE140D72}.Development|Any CPU.ActiveCfg = Debug|Any CPU
		{5ADF1F79-1871-4BD8-87B8-1CBFEE140D72}.Development|Any CPU.Build.0 = Debug|Any CPU
		{5ADF1F79-1871-4BD8-87B8-1CBFEE140D72}.DevRelease|Any CPU.ActiveCfg = Release|Any CPU
		{5ADF1F79-1871-4BD8-87B8-1CBFEE140D72}.DevRelease|Any CPU.Build.0 = Release|Any CPU
		{5ADF1F79-1871-4BD8-87B8-1CBFEE140D72}.Production|Any CPU.ActiveCfg = Debug|Any CPU
		{5ADF1F79-1871-4BD8-87B8-1CBFEE140D72}.Production|Any CPU.Build.0 = Debug|Any CPU
		{5ADF1F79-1871-4BD8-87B8-1CBFEE140D72}.Release|Any CPU.ActiveCfg = Release|Any CPU
		{5ADF1F79-1871-4BD8-87B8-1CBFEE140D72}.Release|Any CPU.Build.0 = Release|Any CPU
		{5ADF1F79-1871-4BD8-87B8-1CBFEE140D72}.Staging|Any CPU.ActiveCfg = Debug|Any CPU
		{5ADF1F79-1871-4BD8-87B8-1CBFEE140D72}.Staging|Any CPU.Build.0 = Debug|Any CPU
		{6DD56DDD-9C7A-4B19-8E04-BBFE907B2006}.Debug|Any CPU.ActiveCfg = Debug|Any CPU
		{6DD56DDD-9C7A-4B19-8E04-BBFE907B2006}.Debug|Any CPU.Build.0 = Debug|Any CPU
		{6DD56DDD-9C7A-4B19-8E04-BBFE907B2006}.Development|Any CPU.ActiveCfg = Debug|Any CPU
		{6DD56DDD-9C7A-4B19-8E04-BBFE907B2006}.Development|Any CPU.Build.0 = Debug|Any CPU
		{6DD56DDD-9C7A-4B19-8E04-BBFE907B2006}.DevRelease|Any CPU.ActiveCfg = Release|Any CPU
		{6DD56DDD-9C7A-4B19-8E04-BBFE907B2006}.DevRelease|Any CPU.Build.0 = Release|Any CPU
		{6DD56DDD-9C7A-4B19-8E04-BBFE907B2006}.Production|Any CPU.ActiveCfg = Debug|Any CPU
		{6DD56DDD-9C7A-4B19-8E04-BBFE907B2006}.Production|Any CPU.Build.0 = Debug|Any CPU
		{6DD56DDD-9C7A-4B19-8E04-BBFE907B2006}.Release|Any CPU.ActiveCfg = Release|Any CPU
		{6DD56DDD-9C7A-4B19-8E04-BBFE907B2006}.Release|Any CPU.Build.0 = Release|Any CPU
		{6DD56DDD-9C7A-4B19-8E04-BBFE907B2006}.Staging|Any CPU.ActiveCfg = Debug|Any CPU
		{6DD56DDD-9C7A-4B19-8E04-BBFE907B2006}.Staging|Any CPU.Build.0 = Debug|Any CPU
	EndGlobalSection
	GlobalSection(SolutionProperties) = preSolution
		HideSolutionNode = FALSE
	EndGlobalSection
	GlobalSection(NestedProjects) = preSolution
		{5C0EE4D3-91AD-41BC-BB36-1CA798FD2D75} = {0231C165-A541-4D67-9B32-05DE49886E13}
		{E76925F5-6E2C-4BDA-AC55-889177E625DB} = {9D8482C6-8B3C-48D4-919E-420F816AFF99}
		{89B618A2-CE68-46FB-B325-076430448230} = {9D8482C6-8B3C-48D4-919E-420F816AFF99}
		{5B0D6146-EF5C-4880-9C4F-700817659530} = {FFCFA5E0-9E3B-4554-B8CE-7C4C3CC73F07}
		{C35C5ADF-A081-4F1C-8E61-AC185E593A1E} = {FFCFA5E0-9E3B-4554-B8CE-7C4C3CC73F07}
		{ECAA422D-D195-4339-AF89-6DA92BBE5671} = {FFCFA5E0-9E3B-4554-B8CE-7C4C3CC73F07}
		{9547FE1F-9D1B-455E-A4FB-81F118E659BD} = {F7AC7374-D800-4B06-A64C-2B0485933A1E}
		{3B4FEB4D-1266-4B37-84FF-5A667C5221C6} = {F7AC7374-D800-4B06-A64C-2B0485933A1E}
		{BA62C757-A479-4B9A-9FA2-A4E4D7868678} = {0231C165-A541-4D67-9B32-05DE49886E13}
		{EA0F0C94-12DA-468D-94E9-8D5D50471D0A} = {FFCFA5E0-9E3B-4554-B8CE-7C4C3CC73F07}
		{D8A64B0C-FB77-418B-99EF-910BA96CC73E} = {FFCFA5E0-9E3B-4554-B8CE-7C4C3CC73F07}
		{5ABC61AE-3B31-43C9-A5B6-DE514EBF69EB} = {4C8DD271-A2A4-450F-8F75-EAC15DB1CE36}
		{A290E52F-4E09-45EA-AF76-DB699C9F173B} = {4C8DD271-A2A4-450F-8F75-EAC15DB1CE36}
		{FD77DC3A-B16B-45D2-AB87-3CBD07C03AF2} = {4C8DD271-A2A4-450F-8F75-EAC15DB1CE36}
		{683C2744-20C6-44FF-B5F1-06B11045FE65} = {4C8DD271-A2A4-450F-8F75-EAC15DB1CE36}
		{6C87F8F6-5B86-412D-AA1F-65901C541F2D} = {FB96E144-CD93-4713-9DAD-0237F63AA99E}
		{A4F481B6-F171-4CB0-BCBC-21FD8FE29359} = {FB96E144-CD93-4713-9DAD-0237F63AA99E}
		{5ADF1F79-1871-4BD8-87B8-1CBFEE140D72} = {4C8DD271-A2A4-450F-8F75-EAC15DB1CE36}
		{6DD56DDD-9C7A-4B19-8E04-BBFE907B2006} = {4C8DD271-A2A4-450F-8F75-EAC15DB1CE36}
	EndGlobalSection
	GlobalSection(ExtensibilityGlobals) = postSolution
		SolutionGuid = {2524DEB4-C5AC-4FA9-ACC7-DBACB3695018}
	EndGlobalSection
EndGlobal
